{
  "name": "arepachain",
  "version": "1.0.0",
  "lockfileVersion": 2,
  "requires": true,
  "packages": {
    "": {
      "name": "arepachain",
      "version": "1.0.0",
      "license": "ISC",
      "dependencies": {
        "tsx": "3.8.0"
      },
      "devDependencies": {
        "typescript": "4.7.4"
      }
    },
    "node_modules/@esbuild-kit/cjs-loader": {
      "version": "2.3.2",
      "resolved": "https://registry.npmjs.org/@esbuild-kit/cjs-loader/-/cjs-loader-2.3.2.tgz",
      "integrity": "sha512-3UIFKrGfq2d2R2A/SpJaeHTP5z3nrOnVMxE+cNpOuuW+Lotm0Sfbc9lVHCjcxaxgcx0MKI7g2FvxvWlylzDRKg==",
      "dependencies": {
        "@esbuild-kit/core-utils": "^2.1.0",
        "get-tsconfig": "^4.1.0"
      }
    },
    "node_modules/@esbuild-kit/core-utils": {
      "version": "2.1.0",
      "resolved": "https://registry.npmjs.org/@esbuild-kit/core-utils/-/core-utils-2.1.0.tgz",
      "integrity": "sha512-fZirrc2KjeTumVjE4bpleWOk2gD83b7WuGeQqOceKFQL+heNKKkNB5G5pekOUTLzfSBc0hP7hCSBoD9TuR0hLw==",
      "dependencies": {
        "esbuild": "~0.14.47",
        "source-map-support": "^0.5.21"
      }
    },
    "node_modules/@esbuild-kit/esm-loader": {
      "version": "2.4.2",
      "resolved": "https://registry.npmjs.org/@esbuild-kit/esm-loader/-/esm-loader-2.4.2.tgz",
      "integrity": "sha512-N9dPKAj8WOx6djVnStgILWXip4fjDcBk9L7azO0/uQDpu8Ee0eaL78mkN4Acid9BzvNAKWwdYXFJZnsVahNEew==",
      "dependencies": {
        "@esbuild-kit/core-utils": "^2.1.0",
        "get-tsconfig": "^4.1.0"
      }
    },
    "node_modules/@esbuild/linux-loong64": {
      "version": "0.14.53",
      "resolved": "https://registry.npmjs.org/@esbuild/linux-loong64/-/linux-loong64-0.14.53.tgz",
      "integrity": "sha512-W2dAL6Bnyn4xa/QRSU3ilIK4EzD5wgYXKXJiS1HDF5vU3675qc2bvFyLwbUcdmssDveyndy7FbitrCoiV/eMLg==",
      "cpu": [
        "loong64"
      ],
      "optional": true,
      "os": [
        "linux"
      ],
      "engines": {
        "node": ">=12"
      }
    },
    "node_modules/buffer-from": {
      "version": "1.1.2",
      "resolved": "https://registry.npmjs.org/buffer-from/-/buffer-from-1.1.2.tgz",
      "integrity": "sha512-E+XQCRwSbaaiChtv6k6Dwgc+bx+Bs6vuKJHHl5kox/BaKbhiXzqQOwK4cO22yElGp2OCmjwVhT3HmxgyPGnJfQ=="
    },
    "node_modules/esbuild": {
      "version": "0.14.53",
      "resolved": "https://registry.npmjs.org/esbuild/-/esbuild-0.14.53.tgz",
      "integrity": "sha512-ohO33pUBQ64q6mmheX1mZ8mIXj8ivQY/L4oVuAshr+aJI+zLl+amrp3EodrUNDNYVrKJXGPfIHFGhO8slGRjuw==",
      "hasInstallScript": true,
      "bin": {
        "esbuild": "bin/esbuild"
      },
      "engines": {
        "node": ">=12"
      },
      "optionalDependencies": {
        "@esbuild/linux-loong64": "0.14.53",
        "esbuild-android-64": "0.14.53",
        "esbuild-android-arm64": "0.14.53",
        "esbuild-darwin-64": "0.14.53",
        "esbuild-darwin-arm64": "0.14.53",
        "esbuild-freebsd-64": "0.14.53",
        "esbuild-freebsd-arm64": "0.14.53",
        "esbuild-linux-32": "0.14.53",
        "esbuild-linux-64": "0.14.53",
        "esbuild-linux-arm": "0.14.53",
        "esbuild-linux-arm64": "0.14.53",
        "esbuild-linux-mips64le": "0.14.53",
        "esbuild-linux-ppc64le": "0.14.53",
        "esbuild-linux-riscv64": "0.14.53",
        "esbuild-linux-s390x": "0.14.53",
        "esbuild-netbsd-64": "0.14.53",
        "esbuild-openbsd-64": "0.14.53",
        "esbuild-sunos-64": "0.14.53",
        "esbuild-windows-32": "0.14.53",
        "esbuild-windows-64": "0.14.53",
        "esbuild-windows-arm64": "0.14.53"
      }
    },
    "node_modules/esbuild-android-64": {
      "version": "0.14.53",
      "resolved": "https://registry.npmjs.org/esbuild-android-64/-/esbuild-android-64-0.14.53.tgz",
      "integrity": "sha512-fIL93sOTnEU+NrTAVMIKiAw0YH22HWCAgg4N4Z6zov2t0kY9RAJ50zY9ZMCQ+RT6bnOfDt8gCTnt/RaSNA2yRA==",
      "cpu": [
        "x64"
      ],
      "optional": true,
      "os": [
        "android"
      ],
      "engines": {
        "node": ">=12"
      }
    },
    "node_modules/esbuild-darwin-arm64": {
      "version": "0.14.53",
      "resolved": "https://registry.npmjs.org/esbuild-darwin-arm64/-/esbuild-darwin-arm64-0.14.53.tgz",
      "integrity": "sha512-otJwDU3hnI15Q98PX4MJbknSZ/WSR1I45il7gcxcECXzfN4Mrpft5hBDHXNRnCh+5858uPXBXA1Vaz2jVWLaIA==",
      "cpu": [
        "arm64"
      ],
      "optional": true,
      "os": [
        "darwin"
      ],
      "engines": {
        "node": ">=12"
      }
    },
    "node_modules/esbuild-linux-riscv64": {
      "version": "0.14.53",
      "resolved": "https://registry.npmjs.org/esbuild-linux-riscv64/-/esbuild-linux-riscv64-0.14.53.tgz",
      "integrity": "sha512-yG2sVH+QSix6ct4lIzJj329iJF3MhloLE6/vKMQAAd26UVPVkhMFqFopY+9kCgYsdeWvXdPgmyOuKa48Y7+/EQ==",
      "cpu": [
        "riscv64"
      ],
      "optional": true,
      "os": [
        "linux"
      ],
      "engines": {
        "node": ">=12"
      }
    },
    "node_modules/esbuild-linux-s390x": {
      "version": "0.14.53",
      "resolved": "https://registry.npmjs.org/esbuild-linux-s390x/-/esbuild-linux-s390x-0.14.53.tgz",
      "integrity": "sha512-OCJlgdkB+XPYndHmw6uZT7jcYgzmx9K+28PVdOa/eLjdoYkeAFvH5hTwX4AXGLZLH09tpl4bVsEtvuyUldaNCg==",
      "cpu": [
        "s390x"
      ],
      "optional": true,
      "os": [
        "linux"
      ],
      "engines": {
        "node": ">=12"
      }
    },
    "node_modules/esbuild-netbsd-64": {
      "version": "0.14.53",
      "resolved": "https://registry.npmjs.org/esbuild-netbsd-64/-/esbuild-netbsd-64-0.14.53.tgz",
      "integrity": "sha512-gp2SB+Efc7MhMdWV2+pmIs/Ja/Mi5rjw+wlDmmbIn68VGXBleNgiEZG+eV2SRS0kJEUyHNedDtwRIMzaohWedQ==",
      "cpu": [
        "x64"
      ],
      "optional": true,
      "os": [
        "netbsd"
      ],
      "engines": {
        "node": ">=12"
      }
    },
    "node_modules/esbuild-openbsd-64": {
      "version": "0.14.53",
      "resolved": "https://registry.npmjs.org/esbuild-openbsd-64/-/esbuild-openbsd-64-0.14.53.tgz",
      "integrity": "sha512-eKQ30ZWe+WTZmteDYg8S+YjHV5s4iTxeSGhJKJajFfQx9TLZJvsJX0/paqwP51GicOUruFpSUAs2NCc0a4ivQQ==",
      "cpu": [
        "x64"
      ],
      "optional": true,
      "os": [
        "openbsd"
      ],
      "engines": {
        "node": ">=12"
      }
    },
    "node_modules/esbuild-sunos-64": {
      "version": "0.14.53",
      "resolved": "https://registry.npmjs.org/esbuild-sunos-64/-/esbuild-sunos-64-0.14.53.tgz",
      "integrity": "sha512-OWLpS7a2FrIRukQqcgQqR1XKn0jSJoOdT+RlhAxUoEQM/IpytS3FXzCJM6xjUYtpO5GMY0EdZJp+ur2pYdm39g==",
      "cpu": [
        "x64"
      ],
      "optional": true,
      "os": [
        "sunos"
      ],
      "engines": {
        "node": ">=12"
      }
    },
    "node_modules/esbuild-windows-arm64": {
      "version": "0.14.53",
      "resolved": "https://registry.npmjs.org/esbuild-windows-arm64/-/esbuild-windows-arm64-0.14.53.tgz",
      "integrity": "sha512-E+5Gvb+ZWts+00T9II6wp2L3KG2r3iGxByqd/a1RmLmYWVsSVUjkvIxZuJ3hYTIbhLkH5PRwpldGTKYqVz0nzQ==",
      "cpu": [
        "arm64"
      ],
      "optional": true,
      "os": [
        "win32"
      ],
      "engines": {
        "node": ">=12"
      }
    },
    "node_modules/fsevents": {
      "version": "2.3.2",
      "resolved": "https://registry.npmjs.org/fsevents/-/fsevents-2.3.2.tgz",
      "integrity": "sha512-xiqMQR4xAeHTuB9uWm+fFRcIOgKBMiOBP+eXiyT7jsgVCq1bkVygt00oASowB7EdtpOHaaPgKt812P9ab+DDKA==",
      "hasInstallScript": true,
      "optional": true,
      "os": [
        "darwin"
      ],
      "engines": {
        "node": "^8.16.0 || ^10.6.0 || >=11.0.0"
      }
    },
    "node_modules/get-tsconfig": {
      "version": "4.2.0",
      "resolved": "https://registry.npmjs.org/get-tsconfig/-/get-tsconfig-4.2.0.tgz",
      "integrity": "sha512-X8u8fREiYOE6S8hLbq99PeykTDoLVnxvF4DjWKJmz9xy2nNRdUcV8ZN9tniJFeKyTU3qnC9lL8n4Chd6LmVKHg==",
      "funding": {
        "url": "https://github.com/privatenumber/get-tsconfig?sponsor=1"
      }
    },
    "node_modules/source-map": {
      "version": "0.6.1",
      "resolved": "https://registry.npmjs.org/source-map/-/source-map-0.6.1.tgz",
      "integrity": "sha512-UjgapumWlbMhkBgzT7Ykc5YXUT46F0iKu8SGXq0bcwP5dz/h0Plj6enJqjz1Zbq2l5WaqYnrVbwWOWMyF3F47g==",
      "engines": {
        "node": ">=0.10.0"
      }
    },
    "node_modules/source-map-support": {
      "version": "0.5.21",
      "resolved": "https://registry.npmjs.org/source-map-support/-/source-map-support-0.5.21.tgz",
      "integrity": "sha512-uBHU3L3czsIyYXKX88fdrGovxdSCoTGDRZ6SYXtSRxLZUzHg5P/66Ht6uoUlHu9EZod+inXhKo3qQgwXUT/y1w==",
      "dependencies": {
        "buffer-from": "^1.0.0",
        "source-map": "^0.6.0"
      }
    },
    "node_modules/tsx": {
      "version": "3.8.0",
      "resolved": "https://registry.npmjs.org/tsx/-/tsx-3.8.0.tgz",
      "integrity": "sha512-PcvTwRXTm6hDWfPihA4n5WW/9SmgFNxKaDKqvLLG+FKNEPA4crsipChzC7PVozPtdOaMfR5QctDlkC/hKoIsxw==",
      "dependencies": {
        "@esbuild-kit/cjs-loader": "^2.3.1",
        "@esbuild-kit/core-utils": "^2.1.0",
        "@esbuild-kit/esm-loader": "^2.4.1"
      },
      "bin": {
        "tsx": "dist/cli.js"
      },
      "optionalDependencies": {
        "fsevents": "~2.3.2"
      }
    },
    "node_modules/typescript": {
      "version": "4.7.4",
      "resolved": "https://registry.npmjs.org/typescript/-/typescript-4.7.4.tgz",
      "integrity": "sha512-C0WQT0gezHuw6AdY1M2jxUO83Rjf0HP7Sk1DtXj6j1EwkQNZrHAg2XPWlq62oqEhYvONq5pkC2Y9oPljWToLmQ==",
      "dev": true,
      "bin": {
        "tsc": "bin/tsc",
        "tsserver": "bin/tsserver"
      },
      "engines": {
        "node": ">=4.2.0"
      }
    }
  },
  "dependencies": {
    "@esbuild-kit/cjs-loader": {
      "version": "2.3.2",
      "resolved": "https://registry.npmjs.org/@esbuild-kit/cjs-loader/-/cjs-loader-2.3.2.tgz",
      "integrity": "sha512-3UIFKrGfq2d2R2A/SpJaeHTP5z3nrOnVMxE+cNpOuuW+Lotm0Sfbc9lVHCjcxaxgcx0MKI7g2FvxvWlylzDRKg==",
      "requires": {
        "@esbuild-kit/core-utils": "^2.1.0",
        "get-tsconfig": "^4.1.0"
      }
    },
    "@esbuild-kit/core-utils": {
      "version": "2.1.0",
      "resolved": "https://registry.npmjs.org/@esbuild-kit/core-utils/-/core-utils-2.1.0.tgz",
      "integrity": "sha512-fZirrc2KjeTumVjE4bpleWOk2gD83b7WuGeQqOceKFQL+heNKKkNB5G5pekOUTLzfSBc0hP7hCSBoD9TuR0hLw==",
      "requires": {
        "esbuild": "~0.14.47",
        "source-map-support": "^0.5.21"
      }
    },
    "@esbuild-kit/esm-loader": {
      "version": "2.4.2",
      "resolved": "https://registry.npmjs.org/@esbuild-kit/esm-loader/-/esm-loader-2.4.2.tgz",
      "integrity": "sha512-N9dPKAj8WOx6djVnStgILWXip4fjDcBk9L7azO0/uQDpu8Ee0eaL78mkN4Acid9BzvNAKWwdYXFJZnsVahNEew==",
      "requires": {
        "@esbuild-kit/core-utils": "^2.1.0",
        "get-tsconfig": "^4.1.0"
      }
    },
    "@esbuild/linux-loong64": {
      "version": "0.14.53",
      "resolved": "https://registry.npmjs.org/@esbuild/linux-loong64/-/linux-loong64-0.14.53.tgz",
      "integrity": "sha512-W2dAL6Bnyn4xa/QRSU3ilIK4EzD5wgYXKXJiS1HDF5vU3675qc2bvFyLwbUcdmssDveyndy7FbitrCoiV/eMLg==",
      "optional": true
    },
    "buffer-from": {
      "version": "1.1.2",
      "resolved": "https://registry.npmjs.org/buffer-from/-/buffer-from-1.1.2.tgz",
      "integrity": "sha512-E+XQCRwSbaaiChtv6k6Dwgc+bx+Bs6vuKJHHl5kox/BaKbhiXzqQOwK4cO22yElGp2OCmjwVhT3HmxgyPGnJfQ=="
    },
    "esbuild": {
      "version": "0.14.53",
      "resolved": "https://registry.npmjs.org/esbuild/-/esbuild-0.14.53.tgz",
      "integrity": "sha512-ohO33pUBQ64q6mmheX1mZ8mIXj8ivQY/L4oVuAshr+aJI+zLl+amrp3EodrUNDNYVrKJXGPfIHFGhO8slGRjuw==",
      "requires": {
        "@esbuild/linux-loong64": "0.14.53",
        "esbuild-android-64": "0.14.53",
        "esbuild-android-arm64": "0.14.53",
        "esbuild-darwin-64": "0.14.53",
        "esbuild-darwin-arm64": "0.14.53",
        "esbuild-freebsd-64": "0.14.53",
        "esbuild-freebsd-arm64": "0.14.53",
        "esbuild-linux-32": "0.14.53",
        "esbuild-linux-64": "0.14.53",
        "esbuild-linux-arm": "0.14.53",
        "esbuild-linux-arm64": "0.14.53",
        "esbuild-linux-mips64le": "0.14.53",
        "esbuild-linux-ppc64le": "0.14.53",
        "esbuild-linux-riscv64": "0.14.53",
        "esbuild-linux-s390x": "0.14.53",
        "esbuild-netbsd-64": "0.14.53",
        "esbuild-openbsd-64": "0.14.53",
        "esbuild-sunos-64": "0.14.53",
        "esbuild-windows-32": "0.14.53",
        "esbuild-windows-64": "0.14.53",
        "esbuild-windows-arm64": "0.14.53"
      }
    },
    "esbuild-android-64": {
      "version": "0.14.53",
      "resolved": "https://registry.npmjs.org/esbuild-android-64/-/esbuild-android-64-0.14.53.tgz",
      "integrity": "sha512-fIL93sOTnEU+NrTAVMIKiAw0YH22HWCAgg4N4Z6zov2t0kY9RAJ50zY9ZMCQ+RT6bnOfDt8gCTnt/RaSNA2yRA==",
      "optional": true
    },
    "esbuild-darwin-arm64": {
      "version": "0.14.53",
      "resolved": "https://registry.npmjs.org/esbuild-darwin-arm64/-/esbuild-darwin-arm64-0.14.53.tgz",
      "integrity": "sha512-otJwDU3hnI15Q98PX4MJbknSZ/WSR1I45il7gcxcECXzfN4Mrpft5hBDHXNRnCh+5858uPXBXA1Vaz2jVWLaIA==",
      "optional": true
    },
    "esbuild-linux-riscv64": {
      "version": "0.14.53",
      "resolved": "https://registry.npmjs.org/esbuild-linux-riscv64/-/esbuild-linux-riscv64-0.14.53.tgz",
      "integrity": "sha512-yG2sVH+QSix6ct4lIzJj329iJF3MhloLE6/vKMQAAd26UVPVkhMFqFopY+9kCgYsdeWvXdPgmyOuKa48Y7+/EQ==",
      "optional": true
    },
    "esbuild-linux-s390x": {
      "version": "0.14.53",
      "resolved": "https://registry.npmjs.org/esbuild-linux-s390x/-/esbuild-linux-s390x-0.14.53.tgz",
      "integrity": "sha512-OCJlgdkB+XPYndHmw6uZT7jcYgzmx9K+28PVdOa/eLjdoYkeAFvH5hTwX4AXGLZLH09tpl4bVsEtvuyUldaNCg==",
      "optional": true
    },
    "esbuild-netbsd-64": {
      "version": "0.14.53",
      "resolved": "https://registry.npmjs.org/esbuild-netbsd-64/-/esbuild-netbsd-64-0.14.53.tgz",
      "integrity": "sha512-gp2SB+Efc7MhMdWV2+pmIs/Ja/Mi5rjw+wlDmmbIn68VGXBleNgiEZG+eV2SRS0kJEUyHNedDtwRIMzaohWedQ==",
      "optional": true
    },
    "esbuild-openbsd-64": {
      "version": "0.14.53",
      "resolved": "https://registry.npmjs.org/esbuild-openbsd-64/-/esbuild-openbsd-64-0.14.53.tgz",
      "integrity": "sha512-eKQ30ZWe+WTZmteDYg8S+YjHV5s4iTxeSGhJKJajFfQx9TLZJvsJX0/paqwP51GicOUruFpSUAs2NCc0a4ivQQ==",
      "optional": true
    },
    "esbuild-sunos-64": {
      "version": "0.14.53",
      "resolved": "https://registry.npmjs.org/esbuild-sunos-64/-/esbuild-sunos-64-0.14.53.tgz",
      "integrity": "sha512-OWLpS7a2FrIRukQqcgQqR1XKn0jSJoOdT+RlhAxUoEQM/IpytS3FXzCJM6xjUYtpO5GMY0EdZJp+ur2pYdm39g==",
      "optional": true
    },
    "esbuild-windows-arm64": {
      "version": "0.14.53",
      "resolved": "https://registry.npmjs.org/esbuild-windows-arm64/-/esbuild-windows-arm64-0.14.53.tgz",
      "integrity": "sha512-E+5Gvb+ZWts+00T9II6wp2L3KG2r3iGxByqd/a1RmLmYWVsSVUjkvIxZuJ3hYTIbhLkH5PRwpldGTKYqVz0nzQ==",
      "optional": true
    },
    "fsevents": {
      "version": "2.3.2",
      "resolved": "https://registry.npmjs.org/fsevents/-/fsevents-2.3.2.tgz",
      "integrity": "sha512-xiqMQR4xAeHTuB9uWm+fFRcIOgKBMiOBP+eXiyT7jsgVCq1bkVygt00oASowB7EdtpOHaaPgKt812P9ab+DDKA==",
      "optional": true
    },
    "get-tsconfig": {
      "version": "4.2.0",
      "resolved": "https://registry.npmjs.org/get-tsconfig/-/get-tsconfig-4.2.0.tgz",
      "integrity": "sha512-X8u8fREiYOE6S8hLbq99PeykTDoLVnxvF4DjWKJmz9xy2nNRdUcV8ZN9tniJFeKyTU3qnC9lL8n4Chd6LmVKHg=="
    },
    "source-map": {
      "version": "0.6.1",
      "resolved": "https://registry.npmjs.org/source-map/-/source-map-0.6.1.tgz",
      "integrity": "sha512-UjgapumWlbMhkBgzT7Ykc5YXUT46F0iKu8SGXq0bcwP5dz/h0Plj6enJqjz1Zbq2l5WaqYnrVbwWOWMyF3F47g=="
    },
    "source-map-support": {
      "version": "0.5.21",
      "resolved": "https://registry.npmjs.org/source-map-support/-/source-map-support-0.5.21.tgz",
      "integrity": "sha512-uBHU3L3czsIyYXKX88fdrGovxdSCoTGDRZ6SYXtSRxLZUzHg5P/66Ht6uoUlHu9EZod+inXhKo3qQgwXUT/y1w==",
      "requires": {
        "buffer-from": "^1.0.0",
        "source-map": "^0.6.0"
      }
    },
    "tsx": {
      "version": "3.8.0",
      "resolved": "https://registry.npmjs.org/tsx/-/tsx-3.8.0.tgz",
      "integrity": "sha512-PcvTwRXTm6hDWfPihA4n5WW/9SmgFNxKaDKqvLLG+FKNEPA4crsipChzC7PVozPtdOaMfR5QctDlkC/hKoIsxw==",
      "requires": {
        "@esbuild-kit/cjs-loader": "^2.3.1",
        "@esbuild-kit/core-utils": "^2.1.0",
        "@esbuild-kit/esm-loader": "^2.4.1",
        "fsevents": "~2.3.2"
      }
    },
    "typescript": {
      "version": "4.7.4",
      "resolved": "https://registry.npmjs.org/typescript/-/typescript-4.7.4.tgz",
      "integrity": "sha512-C0WQT0gezHuw6AdY1M2jxUO83Rjf0HP7Sk1DtXj6j1EwkQNZrHAg2XPWlq62oqEhYvONq5pkC2Y9oPljWToLmQ==",
      "dev": true
    }
  }
}
